
Microsoft Visual Studio Solution File, Format Version 12.00
# Visual Studio 2013
VisualStudioVersion = 12.0.30723.0
MinimumVisualStudioVersion = 10.0.40219.1
Project("{FAE04EC0-301F-11D3-BF4B-00C04F79EFBC}") = "PermissionsExtractionTool", "PermissionsExtractionTool\PermissionsExtractionTool.csproj", "{A1BCA5CD-60DC-44E4-BEAC-1A0C241FCE4D}"
EndProject
Project("{2150E333-8FDC-42A3-9474-1A3956D46DE8}") = "Solution Items", "Solution Items", "{02D2284B-CDC7-4D19-B72B-EC01386F598C}"
	ProjectSection(SolutionItems) = preProject
		ALMRangersCodeAnalysisDictionary.xml = ALMRangersCodeAnalysisDictionary.xml
	EndProjectSection
EndProject
Project("{2150E333-8FDC-42A3-9474-1A3956D46DE8}") = ".nuget", ".nuget", "{A9AB4883-77CE-4229-A4FA-0C8E36C8249A}"
	ProjectSection(SolutionItems) = preProject
		.nuget\NuGet.Config = .nuget\NuGet.Config
		.nuget\NuGet.exe = .nuget\NuGet.exe
		.nuget\NuGet.targets = .nuget\NuGet.targets
	EndProjectSection
EndProject
Global
	GlobalSection(TeamFoundationVersionControl) = preSolution
		SccNumberOfProjects = 2
		SccEnterpriseProvider = {4CA58AB2-18FA-4F8D-95D4-32DDF27D184C}
		SccTeamFoundationServer = https://almrangers.visualstudio.com/defaultcollection
		SccLocalPath0 = .
		SccProjectUniqueName1 = PermissionsExtractionTool\\PermissionsExtractionTool.csproj
		SccProjectName1 = PermissionsExtractionTool
		SccLocalPath1 = PermissionsExtractionTool
	EndGlobalSection
	GlobalSection(SolutionConfigurationPlatforms) = preSolution
		Debug|Any CPU = Debug|Any CPU
		Release|Any CPU = Release|Any CPU
	EndGlobalSection
	GlobalSection(ProjectConfigurationPlatforms) = postSolution
		{A1BCA5CD-60DC-44E4-BEAC-1A0C241FCE4D}.Debug|Any CPU.ActiveCfg = Debug|Any CPU
		{A1BCA5CD-60DC-44E4-BEAC-1A0C241FCE4D}.Debug|Any CPU.Build.0 = Debug|Any CPU
		{A1BCA5CD-60DC-44E4-BEAC-1A0C241FCE4D}.Release|Any CPU.ActiveCfg = Release|Any CPU
		{A1BCA5CD-60DC-44E4-BEAC-1A0C241FCE4D}.Release|Any CPU.Build.0 = Release|Any CPU
	EndGlobalSection
	GlobalSection(SolutionProperties) = preSolution
		HideSolutionNode = FALSE
	EndGlobalSection
EndGlobal
